
Microsoft Visual Studio Solution File, Format Version 12.00
# Visual Studio Version 17
VisualStudioVersion = 17.9.34622.214
MinimumVisualStudioVersion = 10.0.40219.1
Project("{9A19103F-16F7-4668-BE54-9A1E7A4F7556}") = "freedom.exchange.api", "freedom.exchange.api.csproj", "{C6C34483-D8A7-4772-A4F9-F1AAF08949D3}"
EndProject
Project("{9A19103F-16F7-4668-BE54-9A1E7A4F7556}") = "freedom.exchange.data.models", "..\freedom.exchange.data.models\freedom.exchange.data.models.csproj", "{1ACCC49D-E428-44D1-B2E3-933794B7D714}"
EndProject
Project("{9A19103F-16F7-4668-BE54-9A1E7A4F7556}") = "bengogogadget.core", "..\bengogogadget.core\bengogogadget.core.csproj", "{088DF531-F7D7-413C-B9C6-EAB08B723244}"
EndProject
Global
	GlobalSection(SolutionConfigurationPlatforms) = preSolution
		Debug|Any CPU = Debug|Any CPU
		Release|Any CPU = Release|Any CPU
	EndGlobalSection
	GlobalSection(ProjectConfigurationPlatforms) = postSolution
		{C6C34483-D8A7-4772-A4F9-F1AAF08949D3}.Debug|Any CPU.ActiveCfg = Debug|Any CPU
		{C6C34483-D8A7-4772-A4F9-F1AAF08949D3}.Debug|Any CPU.Build.0 = Debug|Any CPU
		{C6C34483-D8A7-4772-A4F9-F1AAF08949D3}.Release|Any CPU.ActiveCfg = Release|Any CPU
		{C6C34483-D8A7-4772-A4F9-F1AAF08949D3}.Release|Any CPU.Build.0 = Release|Any CPU
		{1ACCC49D-E428-44D1-B2E3-933794B7D714}.Debug|Any CPU.ActiveCfg = Debug|Any CPU
		{1ACCC49D-E428-44D1-B2E3-933794B7D714}.Debug|Any CPU.Build.0 = Debug|Any CPU
		{1ACCC49D-E428-44D1-B2E3-933794B7D714}.Release|Any CPU.ActiveCfg = Release|Any CPU
		{1ACCC49D-E428-44D1-B2E3-933794B7D714}.Release|Any CPU.Build.0 = Release|Any CPU
		{088DF531-F7D7-413C-B9C6-EAB08B723244}.Debug|Any CPU.ActiveCfg = Debug|Any CPU
		{088DF531-F7D7-413C-B9C6-EAB08B723244}.Debug|Any CPU.Build.0 = Debug|Any CPU
		{088DF531-F7D7-413C-B9C6-EAB08B723244}.Release|Any CPU.ActiveCfg = Release|Any CPU
		{088DF531-F7D7-413C-B9C6-EAB08B723244}.Release|Any CPU.Build.0 = Release|Any CPU
	EndGlobalSection
	GlobalSection(SolutionProperties) = preSolution
		HideSolutionNode = FALSE
	EndGlobalSection
	GlobalSection(ExtensibilityGlobals) = postSolution
		SolutionGuid = {50230B3C-864B-41AD-82F5-97C59638E649}
	EndGlobalSection
EndGlobal
